
Microsoft Visual Studio Solution File, Format Version 12.00
# Visual Studio 2012
Project("{FAE04EC0-301F-11D3-BF4B-00C04F79EFBC}") = "VirtualGarden", "TypeScriptHTMLApp1\VirtualGarden.csproj", "{111BF9B2-CCAE-46AF-8E24-B464DE6C676B}"
EndProject
Global
	GlobalSection(SolutionConfigurationPlatforms) = preSolution
		Debug|Any CPU = Debug|Any CPU
		Release|Any CPU = Release|Any CPU
	EndGlobalSection
	GlobalSection(ProjectConfigurationPlatforms) = postSolution
		{111BF9B2-CCAE-46AF-8E24-B464DE6C676B}.Debug|Any CPU.ActiveCfg = Debug|Any CPU
		{111BF9B2-CCAE-46AF-8E24-B464DE6C676B}.Debug|Any CPU.Build.0 = Debug|Any CPU
		{111BF9B2-CCAE-46AF-8E24-B464DE6C676B}.Release|Any CPU.ActiveCfg = Release|Any CPU
		{111BF9B2-CCAE-46AF-8E24-B464DE6C676B}.Release|Any CPU.Build.0 = Release|Any CPU
	EndGlobalSection
	GlobalSection(SolutionProperties) = preSolution
		HideSolutionNode = FALSE
	EndGlobalSection
EndGlobal
